
Microsoft Visual Studio Solution File, Format Version 12.00
# Visual Studio for Mac
Project("{FAE04EC0-301F-11D3-BF4B-00C04F79EFBC}") = "ProjectOnMonday", "ProjectOnMonday.csproj", "{457384A6-77BA-9C50-EC41-A6486E378993}"
EndProject
Global
	GlobalSection(SolutionConfigurationPlatforms) = preSolution
		Debug|Any CPU = Debug|Any CPU
		Release|Any CPU = Release|Any CPU
	EndGlobalSection
	GlobalSection(ProjectConfigurationPlatforms) = postSolution
		{457384A6-77BA-9C50-EC41-A6486E378993}.Debug|Any CPU.ActiveCfg = Debug|Any CPU
		{457384A6-77BA-9C50-EC41-A6486E378993}.Debug|Any CPU.Build.0 = Debug|Any CPU
		{457384A6-77BA-9C50-EC41-A6486E378993}.Release|Any CPU.ActiveCfg = Release|Any CPU
		{457384A6-77BA-9C50-EC41-A6486E378993}.Release|Any CPU.Build.0 = Release|Any CPU
	EndGlobalSection
	GlobalSection(SolutionProperties) = preSolution
		HideSolutionNode = FALSE
	EndGlobalSection
EndGlobal
